
Microsoft Visual Studio Solution File, Format Version 12.00
# Visual Studio Version 16
VisualStudioVersion = 16.0.809.1
MinimumVisualStudioVersion = 10.0.40219.1
Project("{FAE04EC0-301F-11D3-BF4B-00C04F79EFBC}") = "Gates", "Gates\Gates.csproj", "{558466D0-BBD1-4CA0-B890-2305D53CFB7A}"
EndProject
Global
	GlobalSection(SolutionConfigurationPlatforms) = preSolution
		Debug|Any CPU = Debug|Any CPU
		Release|Any CPU = Release|Any CPU
	EndGlobalSection
	GlobalSection(ProjectConfigurationPlatforms) = postSolution
		{558466D0-BBD1-4CA0-B890-2305D53CFB7A}.Debug|Any CPU.ActiveCfg = Debug|Any CPU
		{558466D0-BBD1-4CA0-B890-2305D53CFB7A}.Debug|Any CPU.Build.0 = Debug|Any CPU
		{558466D0-BBD1-4CA0-B890-2305D53CFB7A}.Release|Any CPU.ActiveCfg = Release|Any CPU
		{558466D0-BBD1-4CA0-B890-2305D53CFB7A}.Release|Any CPU.Build.0 = Release|Any CPU
	EndGlobalSection
	GlobalSection(SolutionProperties) = preSolution
		HideSolutionNode = FALSE
	EndGlobalSection
	GlobalSection(ExtensibilityGlobals) = postSolution
		SolutionGuid = {7E3611AC-E70B-4DA1-AFC4-16D31F993538}
	EndGlobalSection
EndGlobal
